
Microsoft Visual Studio Solution File, Format Version 12.00
# Visual Studio Version 17
VisualStudioVersion = 17.3.32819.101
MinimumVisualStudioVersion = 10.0.40219.1
Project("{FAE04EC0-301F-11D3-BF4B-00C04F79EFBC}") = "HomeWorkFunction5", "HomeWorkFunction5.csproj", "{551F7C80-2F2C-46A0-8230-C9673503916E}"
EndProject
Global
	GlobalSection(SolutionConfigurationPlatforms) = preSolution
		Debug|Any CPU = Debug|Any CPU
		Release|Any CPU = Release|Any CPU
	EndGlobalSection
	GlobalSection(ProjectConfigurationPlatforms) = postSolution
		{551F7C80-2F2C-46A0-8230-C9673503916E}.Debug|Any CPU.ActiveCfg = Debug|Any CPU
		{551F7C80-2F2C-46A0-8230-C9673503916E}.Debug|Any CPU.Build.0 = Debug|Any CPU
		{551F7C80-2F2C-46A0-8230-C9673503916E}.Release|Any CPU.ActiveCfg = Release|Any CPU
		{551F7C80-2F2C-46A0-8230-C9673503916E}.Release|Any CPU.Build.0 = Release|Any CPU
	EndGlobalSection
	GlobalSection(SolutionProperties) = preSolution
		HideSolutionNode = FALSE
	EndGlobalSection
	GlobalSection(ExtensibilityGlobals) = postSolution
		SolutionGuid = {A86EBCF0-2090-4015-9821-45E459DD6030}
	EndGlobalSection
EndGlobal
